
Microsoft Visual Studio Solution File, Format Version 12.00
# Visual Studio Version 17
VisualStudioVersion = 17.0.31903.59
MinimumVisualStudioVersion = 10.0.40219.1
Project("{2150E333-8FDC-42A3-9474-1A3956D46DE8}") = "services", "services", "{91ABAB03-E8B7-434E-97CB-5610A9C2E401}"
EndProject
Project("{FAE04EC0-301F-11D3-BF4B-00C04F79EFBC}") = "testing", "services\testing\testing.csproj", "{4D247E5C-582C-4176-A4BA-E076816E27D9}"
EndProject
Project("{FAE04EC0-301F-11D3-BF4B-00C04F79EFBC}") = "testingCommon", "services\testingCommon\testingCommon.csproj", "{9EE51E25-B886-4A33-B647-E3BE76CC4440}"
EndProject
Project("{FAE04EC0-301F-11D3-BF4B-00C04F79EFBC}") = "testingstorage", "services\testingstorage\testingstorage.csproj", "{DEECA2E4-73EC-4B5E-8CF3-5FA6C06920D5}"
EndProject
Global
	GlobalSection(SolutionConfigurationPlatforms) = preSolution
		Debug|Any CPU = Debug|Any CPU
		Release|Any CPU = Release|Any CPU
	EndGlobalSection
	GlobalSection(SolutionProperties) = preSolution
		HideSolutionNode = FALSE
	EndGlobalSection
	GlobalSection(ProjectConfigurationPlatforms) = postSolution
		{4D247E5C-582C-4176-A4BA-E076816E27D9}.Debug|Any CPU.ActiveCfg = Debug|Any CPU
		{4D247E5C-582C-4176-A4BA-E076816E27D9}.Debug|Any CPU.Build.0 = Debug|Any CPU
		{4D247E5C-582C-4176-A4BA-E076816E27D9}.Release|Any CPU.ActiveCfg = Release|Any CPU
		{4D247E5C-582C-4176-A4BA-E076816E27D9}.Release|Any CPU.Build.0 = Release|Any CPU
		{9EE51E25-B886-4A33-B647-E3BE76CC4440}.Debug|Any CPU.ActiveCfg = Debug|Any CPU
		{9EE51E25-B886-4A33-B647-E3BE76CC4440}.Debug|Any CPU.Build.0 = Debug|Any CPU
		{9EE51E25-B886-4A33-B647-E3BE76CC4440}.Release|Any CPU.ActiveCfg = Release|Any CPU
		{9EE51E25-B886-4A33-B647-E3BE76CC4440}.Release|Any CPU.Build.0 = Release|Any CPU
		{DEECA2E4-73EC-4B5E-8CF3-5FA6C06920D5}.Debug|Any CPU.ActiveCfg = Debug|Any CPU
		{DEECA2E4-73EC-4B5E-8CF3-5FA6C06920D5}.Debug|Any CPU.Build.0 = Debug|Any CPU
		{DEECA2E4-73EC-4B5E-8CF3-5FA6C06920D5}.Release|Any CPU.ActiveCfg = Release|Any CPU
		{DEECA2E4-73EC-4B5E-8CF3-5FA6C06920D5}.Release|Any CPU.Build.0 = Release|Any CPU
	EndGlobalSection
	GlobalSection(NestedProjects) = preSolution
		{4D247E5C-582C-4176-A4BA-E076816E27D9} = {91ABAB03-E8B7-434E-97CB-5610A9C2E401}
		{9EE51E25-B886-4A33-B647-E3BE76CC4440} = {91ABAB03-E8B7-434E-97CB-5610A9C2E401}
		{DEECA2E4-73EC-4B5E-8CF3-5FA6C06920D5} = {91ABAB03-E8B7-434E-97CB-5610A9C2E401}
	EndGlobalSection
EndGlobal
